// !$*UTF8*$!
{
	archiveVersion = 1;
	classes = {
	};
	objectVersion = 50;
	objects = {

/* Begin PBXBuildFile section */
		165C601725ACC96800384BA9 /* WelcomeView.swift in Sources */ = {isa = PBXBuildFile; fileRef = 165C601625ACC96800384BA9 /* WelcomeView.swift */; };
		165C601B25ACCA9F00384BA9 /* MainView.swift in Sources */ = {isa = PBXBuildFile; fileRef = 165C601A25ACCA9F00384BA9 /* MainView.swift */; };
		167B189525AEF9C40011E895 /* HotDogClassifier.mlmodel in Sources */ = {isa = PBXBuildFile; fileRef = 167B189425AEF9C40011E895 /* HotDogClassifier.mlmodel */; };
		167B189825AEFEB00011E895 /* NotHotdogView.swift in Sources */ = {isa = PBXBuildFile; fileRef = 167B189725AEFEB00011E895 /* NotHotdogView.swift */; };
		167B189C25AF09900011E895 /* HotdogView.swift in Sources */ = {isa = PBXBuildFile; fileRef = 167B189B25AF09900011E895 /* HotdogView.swift */; };
		16CE420325ACB9460067580B /* AppDelegate.swift in Sources */ = {isa = PBXBuildFile; fileRef = 16CE420225ACB9460067580B /* AppDelegate.swift */; };
		16CE420525ACB9460067580B /* SceneDelegate.swift in Sources */ = {isa = PBXBuildFile; fileRef = 16CE420425ACB9460067580B /* SceneDelegate.swift */; };
		16CE420725ACB9460067580B /* ViewController.swift in Sources */ = {isa = PBXBuildFile; fileRef = 16CE420625ACB9460067580B /* ViewController.swift */; };
		16CE420C25ACB9480067580B /* Assets.xcassets in Resources */ = {isa = PBXBuildFile; fileRef = 16CE420B25ACB9480067580B /* Assets.xcassets */; };
		16CE420F25ACB9480067580B /* LaunchScreen.storyboard in Resources */ = {isa = PBXBuildFile; fileRef = 16CE420D25ACB9480067580B /* LaunchScreen.storyboard */; };
/* End PBXBuildFile section */

/* Begin PBXFileReference section */
		165C601625ACC96800384BA9 /* WelcomeView.swift */ = {isa = PBXFileReference; lastKnownFileType = sourcecode.swift; path = WelcomeView.swift; sourceTree = "<group>"; };
		165C601A25ACCA9F00384BA9 /* MainView.swift */ = {isa = PBXFileReference; lastKnownFileType = sourcecode.swift; path = MainView.swift; sourceTree = "<group>"; };
		167B189425AEF9C40011E895 /* HotDogClassifier.mlmodel */ = {isa = PBXFileReference; lastKnownFileType = file.mlmodel; path = HotDogClassifier.mlmodel; sourceTree = "<group>"; };
		167B189725AEFEB00011E895 /* NotHotdogView.swift */ = {isa = PBXFileReference; lastKnownFileType = sourcecode.swift; path = NotHotdogView.swift; sourceTree = "<group>"; };
		167B189B25AF09900011E895 /* HotdogView.swift */ = {isa = PBXFileReference; lastKnownFileType = sourcecode.swift; path = HotdogView.swift; sourceTree = "<group>"; };
		16CE41FF25ACB9460067580B /* Hotdog identifier.app */ = {isa = PBXFileReference; explicitFileType = wrapper.application; includeInIndex = 0; path = "Hotdog identifier.app"; sourceTree = BUILT_PRODUCTS_DIR; };
		16CE420225ACB9460067580B /* AppDelegate.swift */ = {isa = PBXFileReference; lastKnownFileType = sourcecode.swift; path = AppDelegate.swift; sourceTree = "<group>"; };
		16CE420425ACB9460067580B /* SceneDelegate.swift */ = {isa = PBXFileReference; lastKnownFileType = sourcecode.swift; path = SceneDelegate.swift; sourceTree = "<group>"; };
		16CE420625ACB9460067580B /* ViewController.swift */ = {isa = PBXFileReference; lastKnownFileType = sourcecode.swift; path = ViewController.swift; sourceTree = "<group>"; };
		16CE420B25ACB9480067580B /* Assets.xcassets */ = {isa = PBXFileReference; lastKnownFileType = folder.assetcatalog; path = Assets.xcassets; sourceTree = "<group>"; };
		16CE420E25ACB9480067580B /* Base */ = {isa = PBXFileReference; lastKnownFileType = file.storyboard; name = Base; path = Base.lproj/LaunchScreen.storyboard; sourceTree = "<group>"; };
		16CE421025ACB9480067580B /* Info.plist */ = {isa = PBXFileReference; lastKnownFileType = text.plist.xml; path = Info.plist; sourceTree = "<group>"; };
/* End PBXFileReference section */

/* Begin PBXFrameworksBuildPhase section */
		16CE41FC25ACB9460067580B /* Frameworks */ = {
			isa = PBXFrameworksBuildPhase;
			buildActionMask = 2147483647;
			files = (
			);
			runOnlyForDeploymentPostprocessing = 0;
		};
/* End PBXFrameworksBuildPhase section */

/* Begin PBXGroup section */
		165C601425ACC94800384BA9 /* Controller */ = {
			isa = PBXGroup;
			children = (
				16CE420625ACB9460067580B /* ViewController.swift */,
			);
			path = Controller;
			sourceTree = "<group>";
		};
		165C601525ACC94F00384BA9 /* View */ = {
			isa = PBXGroup;
			children = (
				165C601625ACC96800384BA9 /* WelcomeView.swift */,
				165C601A25ACCA9F00384BA9 /* MainView.swift */,
				167B189725AEFEB00011E895 /* NotHotdogView.swift */,
				167B189B25AF09900011E895 /* HotdogView.swift */,
			);
			path = View;
			sourceTree = "<group>";
		};
		16CE41F625ACB9460067580B = {
			isa = PBXGroup;
			children = (
				16CE420125ACB9460067580B /* Hotdog identifier */,
				16CE420025ACB9460067580B /* Products */,
			);
			sourceTree = "<group>";
		};
		16CE420025ACB9460067580B /* Products */ = {
			isa = PBXGroup;
			children = (
				16CE41FF25ACB9460067580B /* Hotdog identifier.app */,
			);
			name = Products;
			sourceTree = "<group>";
		};
		16CE420125ACB9460067580B /* Hotdog identifier */ = {
			isa = PBXGroup;
			children = (
				165C601425ACC94800384BA9 /* Controller */,
				165C601525ACC94F00384BA9 /* View */,
				16CE420225ACB9460067580B /* AppDelegate.swift */,
				16CE420425ACB9460067580B /* SceneDelegate.swift */,
				16CE420B25ACB9480067580B /* Assets.xcassets */,
				16CE420D25ACB9480067580B /* LaunchScreen.storyboard */,
				16CE421025ACB9480067580B /* Info.plist */,
				167B189425AEF9C40011E895 /* HotDogClassifier.mlmodel */,
			);
			path = "Hotdog identifier";
			sourceTree = "<group>";
		};
/* End PBXGroup section */

/* Begin PBXNativeTarget section */
		16CE41FE25ACB9460067580B /* Hotdog identifier */ = {
			isa = PBXNativeTarget;
			buildConfigurationList = 16CE421325ACB9480067580B /* Build configuration list for PBXNativeTarget "Hotdog identifier" */;
			buildPhases = (
				16CE41FB25ACB9460067580B /* Sources */,
				16CE41FC25ACB9460067580B /* Frameworks */,
				16CE41FD25ACB9460067580B /* Resources */,
			);
			buildRules = (
			);
			dependencies = (
			);
			name = "Hotdog identifier";
			productName = "Hotdog identifier";
			productReference = 16CE41FF25ACB9460067580B /* Hotdog identifier.app */;
			productType = "com.apple.product-type.application";
		};
/* End PBXNativeTarget section */

/* Begin PBXProject section */
		16CE41F725ACB9460067580B /* Project object */ = {
			isa = PBXProject;
			attributes = {
				LastSwiftUpdateCheck = 1220;
				LastUpgradeCheck = 1220;
				TargetAttributes = {
					16CE41FE25ACB9460067580B = {
						CreatedOnToolsVersion = 12.2;
					};
				};
			};
			buildConfigurationList = 16CE41FA25ACB9460067580B /* Build configuration list for PBXProject "Hotdog identifier" */;
			compatibilityVersion = "Xcode 9.3";
			developmentRegion = en;
			hasScannedForEncodings = 0;
			knownRegions = (
				en,
				Base,
			);
			mainGroup = 16CE41F625ACB9460067580B;
			productRefGroup = 16CE420025ACB9460067580B /* Products */;
			projectDirPath = "";
			projectRoot = "";
			targets = (
				16CE41FE25ACB9460067580B /* Hotdog identifier */,
			);
		};
/* End PBXProject section */

/* Begin PBXResourcesBuildPhase section */
		16CE41FD25ACB9460067580B /* Resources */ = {
			isa = PBXResourcesBuildPhase;
			buildActionMask = 2147483647;
			files = (
				16CE420F25ACB9480067580B /* LaunchScreen.storyboard in Resources */,
				16CE420C25ACB9480067580B /* Assets.xcassets in Resources */,
			);
			runOnlyForDeploymentPostprocessing = 0;
		};
/* End PBXResourcesBuildPhase section */

/* Begin PBXSourcesBuildPhase section */
		16CE41FB25ACB9460067580B /* Sources */ = {
			isa = PBXSourcesBuildPhase;
			buildActionMask = 2147483647;
			files = (
				167B189525AEF9C40011E895 /* HotDogClassifier.mlmodel in Sources */,
				165C601725ACC96800384BA9 /* WelcomeView.swift in Sources */,
				167B189825AEFEB00011E895 /* NotHotdogView.swift in Sources */,
				167B189C25AF09900011E895 /* HotdogView.swift in Sources */,
				165C601B25ACCA9F00384BA9 /* MainView.swift in Sources */,
				16CE420725ACB9460067580B /* ViewController.swift in Sources */,
				16CE420325ACB9460067580B /* AppDelegate.swift in Sources */,
				16CE420525ACB9460067580B /* SceneDelegate.swift in Sources */,
			);
			runOnlyForDeploymentPostprocessing = 0;
		};
/* End PBXSourcesBuildPhase section */

/* Begin PBXVariantGroup section */
		16CE420D25ACB9480067580B /* LaunchScreen.storyboard */ = {
			isa = PBXVariantGroup;
			children = (
				16CE420E25ACB9480067580B /* Base */,
			);
			name = LaunchScreen.storyboard;
			sourceTree = "<group>";
		};
/* End PBXVariantGroup section */

/* Begin XCBuildConfiguration section */
		16CE421125ACB9480067580B /* Debug */ = {
			isa = XCBuildConfiguration;
			buildSettings = {
				ALWAYS_SEARCH_USER_PATHS = NO;
				CLANG_ANALYZER_NONNULL = YES;
				CLANG_ANALYZER_NUMBER_OBJECT_CONVERSION = YES_AGGRESSIVE;
				CLANG_CXX_LANGUAGE_STANDARD = "gnu++14";
				CLANG_CXX_LIBRARY = "libc++";
				CLANG_ENABLE_MODULES = YES;
				CLANG_ENABLE_OBJC_ARC = YES;
				CLANG_ENABLE_OBJC_WEAK = YES;
				CLANG_WARN_BLOCK_CAPTURE_AUTORELEASING = YES;
				CLANG_WARN_BOOL_CONVERSION = YES;
				CLANG_WARN_COMMA = YES;
				CLANG_WARN_CONSTANT_CONVERSION = YES;
				CLANG_WARN_DEPRECATED_OBJC_IMPLEMENTATIONS = YES;
				CLANG_WARN_DIRECT_OBJC_ISA_USAGE = YES_ERROR;
				CLANG_WARN_DOCUMENTATION_COMMENTS = YES;
				CLANG_WARN_EMPTY_BODY = YES;
				CLANG_WARN_ENUM_CONVERSION = YES;
				CLANG_WARN_INFINITE_RECURSION = YES;
				CLANG_WARN_INT_CONVERSION = YES;
				CLANG_WARN_NON_LITERAL_NULL_CONVERSION = YES;
				CLANG_WARN_OBJC_IMPLICIT_RETAIN_SELF = YES;
				CLANG_WARN_OBJC_LITERAL_CONVERSION = YES;
				CLANG_WARN_OBJC_ROOT_CLASS = YES_ERROR;
				CLANG_WARN_QUOTED_INCLUDE_IN_FRAMEWORK_HEADER = YES;
				CLANG_WARN_RANGE_LOOP_ANALYSIS = YES;
				CLANG_WARN_STRICT_PROTOTYPES = YES;
				CLANG_WARN_SUSPICIOUS_MOVE = YES;
				CLANG_WARN_UNGUARDED_AVAILABILITY = YES_AGGRESSIVE;
				CLANG_WARN_UNREACHABLE_CODE = YES;
				CLANG_WARN__DUPLICATE_METHOD_MATCH = YES;
				COPY_PHASE_STRIP = NO;
				DEBUG_INFORMATION_FORMAT = dwarf;
				ENABLE_STRICT_OBJC_MSGSEND = YES;
				ENABLE_TESTABILITY = YES;
				GCC_C_LANGUAGE_STANDARD = gnu11;
				GCC_DYNAMIC_NO_PIC = NO;
				GCC_NO_COMMON_BLOCKS = YES;
				GCC_OPTIMIZATION_LEVEL = 0;
				GCC_PREPROCESSOR_DEFINITIONS = (
					"DEBUG=1",
					"$(inherited)",
				);
				GCC_WARN_64_TO_32_BIT_CONVERSION = YES;
				GCC_WARN_ABOUT_RETURN_TYPE = YES_ERROR;
				GCC_WARN_UNDECLARED_SELECTOR = YES;
				GCC_WARN_UNINITIALIZED_AUTOS = YES_AGGRESSIVE;
				GCC_WARN_UNUSED_FUNCTION = YES;
				GCC_WARN_UNUSED_VARIABLE = YES;
				IPHONEOS_DEPLOYMENT_TARGET = 14.2;
				MTL_ENABLE_DEBUG_INFO = INCLUDE_SOURCE;
				MTL_FAST_MATH = YES;
				ONLY_ACTIVE_ARCH = YES;
				SDKROOT = iphoneos;
				SWIFT_ACTIVE_COMPILATION_CONDITIONS = DEBUG;
				SWIFT_OPTIMIZATION_LEVEL = "-Onone";
			};
			name = Debug;
		};
		16CE421225ACB9480067580B /* Release */ = {
			isa = XCBuildConfiguration;
			buildSettings = {
				ALWAYS_SEARCH_USER_PATHS = NO;
				CLANG_ANALYZER_NONNULL = YES;
				CLANG_ANALYZER_NUMBER_OBJECT_CONVERSION = YES_AGGRESSIVE;
				CLANG_CXX_LANGUAGE_STANDARD = "gnu++14";
				CLANG_CXX_LIBRARY = "libc++";
				CLANG_ENABLE_MODULES = YES;
				CLANG_ENABLE_OBJC_ARC = YES;
				CLANG_ENABLE_OBJC_WEAK = YES;
				CLANG_WARN_BLOCK_CAPTURE_AUTORELEASING = YES;
				CLANG_WARN_BOOL_CONVERSION = YES;
				CLANG_WARN_COMMA = YES;
				CLANG_WARN_CONSTANT_CONVERSION = YES;
				CLANG_WARN_DEPRECATED_OBJC_IMPLEMENTATIONS = YES;
				CLANG_WARN_DIRECT_OBJC_ISA_USAGE = YES_ERROR;
				CLANG_WARN_DOCUMENTATION_COMMENTS = YES;
				CLANG_WARN_EMPTY_BODY = YES;
				CLANG_WARN_ENUM_CONVERSION = YES;
				CLANG_WARN_INFINITE_RECURSION = YES;
				CLANG_WARN_INT_CONVERSION = YES;
				CLANG_WARN_NON_LITERAL_NULL_CONVERSION = YES;
				CLANG_WARN_OBJC_IMPLICIT_RETAIN_SELF = YES;
				CLANG_WARN_OBJC_LITERAL_CONVERSION = YES;
				CLANG_WARN_OBJC_ROOT_CLASS = YES_ERROR;
				CLANG_WARN_QUOTED_INCLUDE_IN_FRAMEWORK_HEADER = YES;
				CLANG_WARN_RANGE_LOOP_ANALYSIS = YES;
				CLANG_WARN_STRICT_PROTOTYPES = YES;
				CLANG_WARN_SUSPICIOUS_MOVE = YES;
				CLANG_WARN_UNGUARDED_AVAILABILITY = YES_AGGRESSIVE;
				CLANG_WARN_UNREACHABLE_CODE = YES;
				CLANG_WARN__DUPLICATE_METHOD_MATCH = YES;
				COPY_PHASE_STRIP = NO;
				DEBUG_INFORMATION_FORMAT = "dwarf-with-dsym";
				ENABLE_NS_ASSERTIONS = NO;
				ENABLE_STRICT_OBJC_MSGSEND = YES;
				GCC_C_LANGUAGE_STANDARD = gnu11;
				GCC_NO_COMMON_BLOCKS = YES;
				GCC_WARN_64_TO_32_BIT_CONVERSION = YES;
				GCC_WARN_ABOUT_RETURN_TYPE = YES_ERROR;
				GCC_WARN_UNDECLARED_SELECTOR = YES;
				GCC_WARN_UNINITIALIZED_AUTOS = YES_AGGRESSIVE;
				GCC_WARN_UNUSED_FUNCTION = YES;
				GCC_WARN_UNUSED_VARIABLE = YES;
				IPHONEOS_DEPLOYMENT_TARGET = 14.2;
				MTL_ENABLE_DEBUG_INFO = NO;
				MTL_FAST_MATH = YES;
				SDKROOT = iphoneos;
				SWIFT_COMPILATION_MODE = wholemodule;
				SWIFT_OPTIMIZATION_LEVEL = "-O";
				VALIDATE_PRODUCT = YES;
			};
			name = Release;
		};
		16CE421425ACB9480067580B /* Debug */ = {
			isa = XCBuildConfiguration;
			buildSettings = {
				ASSETCATALOG_COMPILER_APPICON_NAME = AppIcon;
				ASSETCATALOG_COMPILER_GLOBAL_ACCENT_COLOR_NAME = AccentColor;
				CODE_SIGN_STYLE = Automatic;
				DEVELOPMENT_TEAM = 9AB3Z82UPH;
				INFOPLIST_FILE = "Hotdog identifier/Info.plist";
				LD_RUNPATH_SEARCH_PATHS = (
					"$(inherited)",
					"@executable_path/Frameworks",
				);
				PRODUCT_BUNDLE_IDENTIFIER = "qyzdo.Hotdog-identifier";
				PRODUCT_NAME = "$(TARGET_NAME)";
				SWIFT_VERSION = 5.0;
				TARGETED_DEVICE_FAMILY = "1,2";
			};
			name = Debug;
		};
		16CE421525ACB9480067580B /* Release */ = {
			isa = XCBuildConfiguration;
			buildSettings = {
				ASSETCATALOG_COMPILER_APPICON_NAME = AppIcon;
				ASSETCATALOG_COMPILER_GLOBAL_ACCENT_COLOR_NAME = AccentColor;
				CODE_SIGN_STYLE = Automatic;
				DEVELOPMENT_TEAM = 9AB3Z82UPH;
				INFOPLIST_FILE = "Hotdog identifier/Info.plist";
				LD_RUNPATH_SEARCH_PATHS = (
					"$(inherited)",
					"@executable_path/Frameworks",
				);
				PRODUCT_BUNDLE_IDENTIFIER = "qyzdo.Hotdog-identifier";
				PRODUCT_NAME = "$(TARGET_NAME)";
				SWIFT_VERSION = 5.0;
				TARGETED_DEVICE_FAMILY = "1,2";
			};
			name = Release;
		};
/* End XCBuildConfiguration section */

/* Begin XCConfigurationList section */
		16CE41FA25ACB9460067580B /* Build configuration list for PBXProject "Hotdog identifier" */ = {
			isa = XCConfigurationList;
			buildConfigurations = (
				16CE421125ACB9480067580B /* Debug */,
				16CE421225ACB9480067580B /* Release */,
			);
			defaultConfigurationIsVisible = 0;
			defaultConfigurationName = Release;
		};
		16CE421325ACB9480067580B /* Build configuration list for PBXNativeTarget "Hotdog identifier" */ = {
			isa = XCConfigurationList;
			buildConfigurations = (
				16CE421425ACB9480067580B /* Debug */,
				16CE421525ACB9480067580B /* Release */,
			);
			defaultConfigurationIsVisible = 0;
			defaultConfigurationName = Release;
		};
/* End XCConfigurationList section */
	};
	rootObject = 16CE41F725ACB9460067580B /* Project object */;
}
